
Microsoft Visual Studio Solution File, Format Version 12.00
# Visual Studio Version 16
VisualStudioVersion = 16.0.31129.286
MinimumVisualStudioVersion = 10.0.40219.1
Project("{FAE04EC0-301F-11D3-BF4B-00C04F79EFBC}") = "School", "School\School.csproj", "{2124F4D7-780D-4A7E-AA1A-E191BD010A51}"
EndProject
Global
	GlobalSection(SolutionConfigurationPlatforms) = preSolution
		Debug|Any CPU = Debug|Any CPU
		Release|Any CPU = Release|Any CPU
	EndGlobalSection
	GlobalSection(ProjectConfigurationPlatforms) = postSolution
		{2124F4D7-780D-4A7E-AA1A-E191BD010A51}.Debug|Any CPU.ActiveCfg = Debug|Any CPU
		{2124F4D7-780D-4A7E-AA1A-E191BD010A51}.Debug|Any CPU.Build.0 = Debug|Any CPU
		{2124F4D7-780D-4A7E-AA1A-E191BD010A51}.Release|Any CPU.ActiveCfg = Release|Any CPU
		{2124F4D7-780D-4A7E-AA1A-E191BD010A51}.Release|Any CPU.Build.0 = Release|Any CPU
	EndGlobalSection
	GlobalSection(SolutionProperties) = preSolution
		HideSolutionNode = FALSE
	EndGlobalSection
	GlobalSection(ExtensibilityGlobals) = postSolution
		SolutionGuid = {4DB80EBA-C5C0-4653-AC78-F85ADE8F6EEB}
	EndGlobalSection
EndGlobal
